
Microsoft Visual Studio Solution File, Format Version 12.00
# Visual Studio Version 17
VisualStudioVersion = 17.8.34309.116
MinimumVisualStudioVersion = 10.0.40219.1
Project("{FAE04EC0-301F-11D3-BF4B-00C04F79EFBC}") = "OOP", "OOP.csproj", "{A209EA74-5081-445B-AA8B-B504574C2D11}"
EndProject
Global
	GlobalSection(SolutionConfigurationPlatforms) = preSolution
		Debug|Any CPU = Debug|Any CPU
		Release|Any CPU = Release|Any CPU
	EndGlobalSection
	GlobalSection(ProjectConfigurationPlatforms) = postSolution
		{A209EA74-5081-445B-AA8B-B504574C2D11}.Debug|Any CPU.ActiveCfg = Debug|Any CPU
		{A209EA74-5081-445B-AA8B-B504574C2D11}.Debug|Any CPU.Build.0 = Debug|Any CPU
		{A209EA74-5081-445B-AA8B-B504574C2D11}.Release|Any CPU.ActiveCfg = Release|Any CPU
		{A209EA74-5081-445B-AA8B-B504574C2D11}.Release|Any CPU.Build.0 = Release|Any CPU
	EndGlobalSection
	GlobalSection(SolutionProperties) = preSolution
		HideSolutionNode = FALSE
	EndGlobalSection
	GlobalSection(ExtensibilityGlobals) = postSolution
		SolutionGuid = {02EE0203-8CB4-4538-8B99-44E2903F1837}
	EndGlobalSection
EndGlobal
